
Microsoft Visual Studio Solution File, Format Version 12.00
# Visual Studio Version 17
VisualStudioVersion = 17.4.33103.184
MinimumVisualStudioVersion = 10.0.40219.1
Project("{FAE04EC0-301F-11D3-BF4B-00C04F79EFBC}") = "PuzzleSolutions", "PuzzleSolutions\PuzzleSolutions.csproj", "{FBF07C20-375A-4837-A018-B5C60C5E484E}"
EndProject
Global
	GlobalSection(SolutionConfigurationPlatforms) = preSolution
		Debug|Any CPU = Debug|Any CPU
		Release|Any CPU = Release|Any CPU
	EndGlobalSection
	GlobalSection(ProjectConfigurationPlatforms) = postSolution
		{FBF07C20-375A-4837-A018-B5C60C5E484E}.Debug|Any CPU.ActiveCfg = Debug|Any CPU
		{FBF07C20-375A-4837-A018-B5C60C5E484E}.Debug|Any CPU.Build.0 = Debug|Any CPU
		{FBF07C20-375A-4837-A018-B5C60C5E484E}.Release|Any CPU.ActiveCfg = Release|Any CPU
		{FBF07C20-375A-4837-A018-B5C60C5E484E}.Release|Any CPU.Build.0 = Release|Any CPU
	EndGlobalSection
	GlobalSection(SolutionProperties) = preSolution
		HideSolutionNode = FALSE
	EndGlobalSection
	GlobalSection(ExtensibilityGlobals) = postSolution
		SolutionGuid = {22CA953B-F256-490F-A624-A2B9D51B1E1B}
	EndGlobalSection
EndGlobal
